
Microsoft Visual Studio Solution File, Format Version 12.00
# Visual Studio Version 17
VisualStudioVersion = 17.8.34525.116
MinimumVisualStudioVersion = 10.0.40219.1
Project("{FAE04EC0-301F-11D3-BF4B-00C04F79EFBC}") = "odev", "odev\odev.csproj", "{FDE8FE12-B36E-4E18-944C-8737B2B075FE}"
EndProject
Global
	GlobalSection(SolutionConfigurationPlatforms) = preSolution
		Debug|Any CPU = Debug|Any CPU
		Release|Any CPU = Release|Any CPU
	EndGlobalSection
	GlobalSection(ProjectConfigurationPlatforms) = postSolution
		{FDE8FE12-B36E-4E18-944C-8737B2B075FE}.Debug|Any CPU.ActiveCfg = Debug|Any CPU
		{FDE8FE12-B36E-4E18-944C-8737B2B075FE}.Debug|Any CPU.Build.0 = Debug|Any CPU
		{FDE8FE12-B36E-4E18-944C-8737B2B075FE}.Release|Any CPU.ActiveCfg = Release|Any CPU
		{FDE8FE12-B36E-4E18-944C-8737B2B075FE}.Release|Any CPU.Build.0 = Release|Any CPU
	EndGlobalSection
	GlobalSection(SolutionProperties) = preSolution
		HideSolutionNode = FALSE
	EndGlobalSection
	GlobalSection(ExtensibilityGlobals) = postSolution
		SolutionGuid = {23A87E41-C6BE-49E8-82DA-203B850DC52B}
	EndGlobalSection
EndGlobal
